# This file is generated by running "yarn install" inside your project.
# Manual changes might be lost - proceed with caution!

__metadata:
  version: 8
  cacheKey: 10c0

"@emnapi/runtime@npm:^1.2.0":
  version: 1.3.1
  resolution: "@emnapi/runtime@npm:1.3.1"
  dependencies:
    tslib: "npm:^2.4.0"
  checksum: 10c0/060ffede50f1b619c15083312b80a9e62a5b0c87aa8c1b54854c49766c9d69f8d1d3d87bd963a647071263a320db41b25eaa50b74d6a80dcc763c23dbeaafd6c
  languageName: node
  linkType: hard

"@img/sharp-darwin-arm64@npm:0.33.5":
  version: 0.33.5
  resolution: "@img/sharp-darwin-arm64@npm:0.33.5"
  dependencies:
    "@img/sharp-libvips-darwin-arm64": "npm:1.0.4"
  dependenciesMeta:
    "@img/sharp-libvips-darwin-arm64":
      optional: true
  conditions: os=darwin & cpu=arm64
  languageName: node
  linkType: hard

"@img/sharp-darwin-x64@npm:0.33.5":
  version: 0.33.5
  resolution: "@img/sharp-darwin-x64@npm:0.33.5"
  dependencies:
    "@img/sharp-libvips-darwin-x64": "npm:1.0.4"
  dependenciesMeta:
    "@img/sharp-libvips-darwin-x64":
      optional: true
  conditions: os=darwin & cpu=x64
  languageName: node
  linkType: hard

"@img/sharp-libvips-darwin-arm64@npm:1.0.4":
  version: 1.0.4
  resolution: "@img/sharp-libvips-darwin-arm64@npm:1.0.4"
  conditions: os=darwin & cpu=arm64
  languageName: node
  linkType: hard

"@img/sharp-libvips-darwin-x64@npm:1.0.4":
  version: 1.0.4
  resolution: "@img/sharp-libvips-darwin-x64@npm:1.0.4"
  conditions: os=darwin & cpu=x64
  languageName: node
  linkType: hard

"@img/sharp-libvips-linux-arm64@npm:1.0.4":
  version: 1.0.4
  resolution: "@img/sharp-libvips-linux-arm64@npm:1.0.4"
  conditions: os=linux & cpu=arm64 & libc=glibc
  languageName: node
  linkType: hard

"@img/sharp-libvips-linux-arm@npm:1.0.5":
  version: 1.0.5
  resolution: "@img/sharp-libvips-linux-arm@npm:1.0.5"
  conditions: os=linux & cpu=arm & libc=glibc
  languageName: node
  linkType: hard

"@img/sharp-libvips-linux-s390x@npm:1.0.4":
  version: 1.0.4
  resolution: "@img/sharp-libvips-linux-s390x@npm:1.0.4"
  conditions: os=linux & cpu=s390x & libc=glibc
  languageName: node
  linkType: hard

"@img/sharp-libvips-linux-x64@npm:1.0.4":
  version: 1.0.4
  resolution: "@img/sharp-libvips-linux-x64@npm:1.0.4"
  conditions: os=linux & cpu=x64 & libc=glibc
  languageName: node
  linkType: hard

"@img/sharp-libvips-linuxmusl-arm64@npm:1.0.4":
  version: 1.0.4
  resolution: "@img/sharp-libvips-linuxmusl-arm64@npm:1.0.4"
  conditions: os=linux & cpu=arm64 & libc=musl
  languageName: node
  linkType: hard

"@img/sharp-libvips-linuxmusl-x64@npm:1.0.4":
  version: 1.0.4
  resolution: "@img/sharp-libvips-linuxmusl-x64@npm:1.0.4"
  conditions: os=linux & cpu=x64 & libc=musl
  languageName: node
  linkType: hard

"@img/sharp-linux-arm64@npm:0.33.5":
  version: 0.33.5
  resolution: "@img/sharp-linux-arm64@npm:0.33.5"
  dependencies:
    "@img/sharp-libvips-linux-arm64": "npm:1.0.4"
  dependenciesMeta:
    "@img/sharp-libvips-linux-arm64":
      optional: true
  conditions: os=linux & cpu=arm64 & libc=glibc
  languageName: node
  linkType: hard

"@img/sharp-linux-arm@npm:0.33.5":
  version: 0.33.5
  resolution: "@img/sharp-linux-arm@npm:0.33.5"
  dependencies:
    "@img/sharp-libvips-linux-arm": "npm:1.0.5"
  dependenciesMeta:
    "@img/sharp-libvips-linux-arm":
      optional: true
  conditions: os=linux & cpu=arm & libc=glibc
  languageName: node
  linkType: hard

"@img/sharp-linux-s390x@npm:0.33.5":
  version: 0.33.5
  resolution: "@img/sharp-linux-s390x@npm:0.33.5"
  dependencies:
    "@img/sharp-libvips-linux-s390x": "npm:1.0.4"
  dependenciesMeta:
    "@img/sharp-libvips-linux-s390x":
      optional: true
  conditions: os=linux & cpu=s390x & libc=glibc
  languageName: node
  linkType: hard

"@img/sharp-linux-x64@npm:0.33.5":
  version: 0.33.5
  resolution: "@img/sharp-linux-x64@npm:0.33.5"
  dependencies:
    "@img/sharp-libvips-linux-x64": "npm:1.0.4"
  dependenciesMeta:
    "@img/sharp-libvips-linux-x64":
      optional: true
  conditions: os=linux & cpu=x64 & libc=glibc
  languageName: node
  linkType: hard

"@img/sharp-linuxmusl-arm64@npm:0.33.5":
  version: 0.33.5
  resolution: "@img/sharp-linuxmusl-arm64@npm:0.33.5"
  dependencies:
    "@img/sharp-libvips-linuxmusl-arm64": "npm:1.0.4"
  dependenciesMeta:
    "@img/sharp-libvips-linuxmusl-arm64":
      optional: true
  conditions: os=linux & cpu=arm64 & libc=musl
  languageName: node
  linkType: hard

"@img/sharp-linuxmusl-x64@npm:0.33.5":
  version: 0.33.5
  resolution: "@img/sharp-linuxmusl-x64@npm:0.33.5"
  dependencies:
    "@img/sharp-libvips-linuxmusl-x64": "npm:1.0.4"
  dependenciesMeta:
    "@img/sharp-libvips-linuxmusl-x64":
      optional: true
  conditions: os=linux & cpu=x64 & libc=musl
  languageName: node
  linkType: hard

"@img/sharp-wasm32@npm:0.33.5":
  version: 0.33.5
  resolution: "@img/sharp-wasm32@npm:0.33.5"
  dependencies:
    "@emnapi/runtime": "npm:^1.2.0"
  conditions: cpu=wasm32
  languageName: node
  linkType: hard

"@img/sharp-win32-ia32@npm:0.33.5":
  version: 0.33.5
  resolution: "@img/sharp-win32-ia32@npm:0.33.5"
  conditions: os=win32 & cpu=ia32
  languageName: node
  linkType: hard

"@img/sharp-win32-x64@npm:0.33.5":
  version: 0.33.5
  resolution: "@img/sharp-win32-x64@npm:0.33.5"
  conditions: os=win32 & cpu=x64
  languageName: node
  linkType: hard

"@next/env@npm:15.0.2":
  version: 15.0.2
  resolution: "@next/env@npm:15.0.2"
  checksum: 10c0/9c8eb08d6221ba2e2ccbfc887239aed83e62c18be7ff796b9b7c894e0be1a976a717e17eaf1be1fd61a919f7083112b2ffec5c0d071a4ac9b3881b439813a2e7
  languageName: node
  linkType: hard

"@next/swc-darwin-arm64@npm:15.0.2":
  version: 15.0.2
  resolution: "@next/swc-darwin-arm64@npm:15.0.2"
  conditions: os=darwin & cpu=arm64
  languageName: node
  linkType: hard

"@next/swc-darwin-x64@npm:15.0.2":
  version: 15.0.2
  resolution: "@next/swc-darwin-x64@npm:15.0.2"
  conditions: os=darwin & cpu=x64
  languageName: node
  linkType: hard

"@next/swc-linux-arm64-gnu@npm:15.0.2":
  version: 15.0.2
  resolution: "@next/swc-linux-arm64-gnu@npm:15.0.2"
  conditions: os=linux & cpu=arm64 & libc=glibc
  languageName: node
  linkType: hard

"@next/swc-linux-arm64-musl@npm:15.0.2":
  version: 15.0.2
  resolution: "@next/swc-linux-arm64-musl@npm:15.0.2"
  conditions: os=linux & cpu=arm64 & libc=musl
  languageName: node
  linkType: hard

"@next/swc-linux-x64-gnu@npm:15.0.2":
  version: 15.0.2
  resolution: "@next/swc-linux-x64-gnu@npm:15.0.2"
  conditions: os=linux & cpu=x64 & libc=glibc
  languageName: node
  linkType: hard

"@next/swc-linux-x64-musl@npm:15.0.2":
  version: 15.0.2
  resolution: "@next/swc-linux-x64-musl@npm:15.0.2"
  conditions: os=linux & cpu=x64 & libc=musl
  languageName: node
  linkType: hard

"@next/swc-win32-arm64-msvc@npm:15.0.2":
  version: 15.0.2
  resolution: "@next/swc-win32-arm64-msvc@npm:15.0.2"
  conditions: os=win32 & cpu=arm64
  languageName: node
  linkType: hard

"@next/swc-win32-x64-msvc@npm:15.0.2":
  version: 15.0.2
  resolution: "@next/swc-win32-x64-msvc@npm:15.0.2"
  conditions: os=win32 & cpu=x64
  languageName: node
  linkType: hard

"@swc/counter@npm:0.1.3":
  version: 0.1.3
  resolution: "@swc/counter@npm:0.1.3"
  checksum: 10c0/8424f60f6bf8694cfd2a9bca45845bce29f26105cda8cf19cdb9fd3e78dc6338699e4db77a89ae449260bafa1cc6bec307e81e7fb96dbf7dcfce0eea55151356
  languageName: node
  linkType: hard

"@swc/helpers@npm:0.5.13":
  version: 0.5.13
  resolution: "@swc/helpers@npm:0.5.13"
  dependencies:
    tslib: "npm:^2.4.0"
  checksum: 10c0/b9df578401fc62405da9a6c31e79e447a2fd90f68b25b1daee12f2caf2821991bb89106f0397bc1acb4c4d84a8ce079d04b60b65f534496952e3bf8c9a52f40f
  languageName: node
  linkType: hard

"@types/node@npm:^20":
  version: 20.14.2
  resolution: "@types/node@npm:20.14.2"
  dependencies:
    undici-types: "npm:~5.26.4"
  checksum: 10c0/2d86e5f2227aaa42212e82ea0affe72799111b888ff900916376450b02b09b963ca888b20d9c332d8d2b833ed4781987867a38eaa2e4863fa8439071468b0a6f
  languageName: node
  linkType: hard

"@types/prop-types@npm:*":
  version: 15.7.12
  resolution: "@types/prop-types@npm:15.7.12"
  checksum: 10c0/1babcc7db6a1177779f8fde0ccc78d64d459906e6ef69a4ed4dd6339c920c2e05b074ee5a92120fe4e9d9f1a01c952f843ebd550bee2332fc2ef81d1706878f8
  languageName: node
  linkType: hard

"@types/react-dom@npm:^18":
  version: 18.3.1
  resolution: "@types/react-dom@npm:18.3.1"
  dependencies:
    "@types/react": "npm:*"
  checksum: 10c0/8b416551c60bb6bd8ec10e198c957910cfb271bc3922463040b0d57cf4739cdcd24b13224f8d68f10318926e1ec3cd69af0af79f0291b599a992f8c80d47f1eb
  languageName: node
  linkType: hard

"@types/react@npm:*":
  version: 18.3.3
  resolution: "@types/react@npm:18.3.3"
  dependencies:
    "@types/prop-types": "npm:*"
    csstype: "npm:^3.0.2"
  checksum: 10c0/fe455f805c5da13b89964c3d68060cebd43e73ec15001a68b34634604a78140e6fc202f3f61679b9d809dde6d7a7c2cb3ed51e0fd1462557911db09879b55114
  languageName: node
  linkType: hard

"@types/react@npm:^18":
  version: 18.3.12
  resolution: "@types/react@npm:18.3.12"
  dependencies:
    "@types/prop-types": "npm:*"
    csstype: "npm:^3.0.2"
  checksum: 10c0/8bae8d9a41619804561574792e29112b413044eb0d53746dde2b9720c1f9a59f71c895bbd7987cd8ce9500b00786e53bc032dced38cddf42910458e145675290
  languageName: node
  linkType: hard

"busboy@npm:1.6.0":
  version: 1.6.0
  resolution: "busboy@npm:1.6.0"
  dependencies:
    streamsearch: "npm:^1.1.0"
  checksum: 10c0/fa7e836a2b82699b6e074393428b91ae579d4f9e21f5ac468e1b459a244341d722d2d22d10920cdd849743dbece6dca11d72de939fb75a7448825cf2babfba1f
  languageName: node
  linkType: hard

"caniuse-lite@npm:^1.0.30001579":
  version: 1.0.30001632
  resolution: "caniuse-lite@npm:1.0.30001632"
  checksum: 10c0/960af2c7ed4367d6b72a164ecb9050ea9eada28c61e2134baaa712862364b9b6b41247c3ff4c2a497f91e879c5a1c9c7713080ac2d0c72eb4bee5ef2f4e24d62
  languageName: node
  linkType: hard

"client-only@npm:0.0.1":
  version: 0.0.1
  resolution: "client-only@npm:0.0.1"
  checksum: 10c0/9d6cfd0c19e1c96a434605added99dff48482152af791ec4172fb912a71cff9027ff174efd8cdb2160cc7f377543e0537ffc462d4f279bc4701de3f2a3c4b358
  languageName: node
  linkType: hard

"color-convert@npm:^2.0.1":
  version: 2.0.1
  resolution: "color-convert@npm:2.0.1"
  dependencies:
    color-name: "npm:~1.1.4"
  checksum: 10c0/37e1150172f2e311fe1b2df62c6293a342ee7380da7b9cfdba67ea539909afbd74da27033208d01d6d5cfc65ee7868a22e18d7e7648e004425441c0f8a15a7d7
  languageName: node
  linkType: hard

"color-name@npm:^1.0.0, color-name@npm:~1.1.4":
  version: 1.1.4
  resolution: "color-name@npm:1.1.4"
  checksum: 10c0/a1a3f914156960902f46f7f56bc62effc6c94e84b2cae157a526b1c1f74b677a47ec602bf68a61abfa2b42d15b7c5651c6dbe72a43af720bc588dff885b10f95
  languageName: node
  linkType: hard

"color-string@npm:^1.9.0":
  version: 1.9.1
  resolution: "color-string@npm:1.9.1"
  dependencies:
    color-name: "npm:^1.0.0"
    simple-swizzle: "npm:^0.2.2"
  checksum: 10c0/b0bfd74c03b1f837f543898b512f5ea353f71630ccdd0d66f83028d1f0924a7d4272deb278b9aef376cacf1289b522ac3fb175e99895283645a2dc3a33af2404
  languageName: node
  linkType: hard

"color@npm:^4.2.3":
  version: 4.2.3
  resolution: "color@npm:4.2.3"
  dependencies:
    color-convert: "npm:^2.0.1"
    color-string: "npm:^1.9.0"
  checksum: 10c0/7fbe7cfb811054c808349de19fb380252e5e34e61d7d168ec3353e9e9aacb1802674bddc657682e4e9730c2786592a4de6f8283e7e0d3870b829bb0b7b2f6118
  languageName: node
  linkType: hard

"csstype@npm:^3.0.2":
  version: 3.1.3
  resolution: "csstype@npm:3.1.3"
  checksum: 10c0/80c089d6f7e0c5b2bd83cf0539ab41474198579584fa10d86d0cafe0642202343cbc119e076a0b1aece191989477081415d66c9fefbf3c957fc2fc4b7009f248
  languageName: node
  linkType: hard

"detect-libc@npm:^2.0.3":
  version: 2.0.3
  resolution: "detect-libc@npm:2.0.3"
  checksum: 10c0/88095bda8f90220c95f162bf92cad70bd0e424913e655c20578600e35b91edc261af27531cf160a331e185c0ced93944bc7e09939143225f56312d7fd800fdb7
  languageName: node
  linkType: hard

"is-arrayish@npm:^0.3.1":
  version: 0.3.2
  resolution: "is-arrayish@npm:0.3.2"
  checksum: 10c0/f59b43dc1d129edb6f0e282595e56477f98c40278a2acdc8b0a5c57097c9eff8fe55470493df5775478cf32a4dc8eaf6d3a749f07ceee5bc263a78b2434f6a54
  languageName: node
  linkType: hard

"nanoid@npm:^3.3.6":
  version: 3.3.7
  resolution: "nanoid@npm:3.3.7"
  bin:
    nanoid: bin/nanoid.cjs
  checksum: 10c0/e3fb661aa083454f40500473bb69eedb85dc160e763150b9a2c567c7e9ff560ce028a9f833123b618a6ea742e311138b591910e795614a629029e86e180660f3
  languageName: node
  linkType: hard

"next@npm:15.0.2":
  version: 15.0.2
  resolution: "next@npm:15.0.2"
  dependencies:
    "@next/env": "npm:15.0.2"
    "@next/swc-darwin-arm64": "npm:15.0.2"
    "@next/swc-darwin-x64": "npm:15.0.2"
    "@next/swc-linux-arm64-gnu": "npm:15.0.2"
    "@next/swc-linux-arm64-musl": "npm:15.0.2"
    "@next/swc-linux-x64-gnu": "npm:15.0.2"
    "@next/swc-linux-x64-musl": "npm:15.0.2"
    "@next/swc-win32-arm64-msvc": "npm:15.0.2"
    "@next/swc-win32-x64-msvc": "npm:15.0.2"
    "@swc/counter": "npm:0.1.3"
    "@swc/helpers": "npm:0.5.13"
    busboy: "npm:1.6.0"
    caniuse-lite: "npm:^1.0.30001579"
    postcss: "npm:8.4.31"
    sharp: "npm:^0.33.5"
    styled-jsx: "npm:5.1.6"
  peerDependencies:
    "@opentelemetry/api": ^1.1.0
    "@playwright/test": ^1.41.2
    babel-plugin-react-compiler: "*"
    react: ^18.2.0 || 19.0.0-rc-02c0e824-20241028
    react-dom: ^18.2.0 || 19.0.0-rc-02c0e824-20241028
    sass: ^1.3.0
  dependenciesMeta:
    "@next/swc-darwin-arm64":
      optional: true
    "@next/swc-darwin-x64":
      optional: true
    "@next/swc-linux-arm64-gnu":
      optional: true
    "@next/swc-linux-arm64-musl":
      optional: true
    "@next/swc-linux-x64-gnu":
      optional: true
    "@next/swc-linux-x64-musl":
      optional: true
    "@next/swc-win32-arm64-msvc":
      optional: true
    "@next/swc-win32-x64-msvc":
      optional: true
    sharp:
      optional: true
  peerDependenciesMeta:
    "@opentelemetry/api":
      optional: true
    "@playwright/test":
      optional: true
    babel-plugin-react-compiler:
      optional: true
    sass:
      optional: true
  bin:
    next: dist/bin/next
  checksum: 10c0/3bfbecda05bbd537260d21466dc91c6cc53e25318eef22748164ad9a3bcb0ac662327c68b0a8d7322808fefeed306402b79e53c46fbec342de600fd9dd977549
  languageName: node
  linkType: hard

"nextjs@workspace:.":
  version: 0.0.0-use.local
  resolution: "nextjs@workspace:."
  dependencies:
    "@types/node": "npm:^20"
    "@types/react": "npm:^18"
    "@types/react-dom": "npm:^18"
    next: "npm:15.0.2"
    react: "npm:19.0.0-rc-0bc30748-20241028"
    react-dom: "npm:19.0.0-rc-0bc30748-20241028"
    typescript: "npm:^5"
  languageName: unknown
  linkType: soft

"picocolors@npm:^1.0.0":
  version: 1.0.1
  resolution: "picocolors@npm:1.0.1"
  checksum: 10c0/c63cdad2bf812ef0d66c8db29583802355d4ca67b9285d846f390cc15c2f6ccb94e8cb7eb6a6e97fc5990a6d3ad4ae42d86c84d3146e667c739a4234ed50d400
  languageName: node
  linkType: hard

"postcss@npm:8.4.31":
  version: 8.4.31
  resolution: "postcss@npm:8.4.31"
  dependencies:
    nanoid: "npm:^3.3.6"
    picocolors: "npm:^1.0.0"
    source-map-js: "npm:^1.0.2"
  checksum: 10c0/748b82e6e5fc34034dcf2ae88ea3d11fd09f69b6c50ecdd3b4a875cfc7cdca435c958b211e2cb52355422ab6fccb7d8f2f2923161d7a1b281029e4a913d59acf
  languageName: node
  linkType: hard

"react-dom@npm:19.0.0-rc-0bc30748-20241028":
  version: 19.0.0-rc-0bc30748-20241028
  resolution: "react-dom@npm:19.0.0-rc-0bc30748-20241028"
  dependencies:
    scheduler: "npm:0.25.0-rc-0bc30748-20241028"
  peerDependencies:
    react: 19.0.0-rc-0bc30748-20241028
  checksum: 10c0/f00e943e6eb098e994a285be3c88367703b2e18b09943277c111ff1bc198e7e85cb3ab53f9addf646805f1c29bb2914d4d1ef86c59c84c535d8011e847272018
  languageName: node
  linkType: hard

"react@npm:19.0.0-rc-0bc30748-20241028":
  version: 19.0.0-rc-0bc30748-20241028
  resolution: "react@npm:19.0.0-rc-0bc30748-20241028"
  checksum: 10c0/aa565c5a3c34e2b0347d49f7dd14b6d7c5e31e69a8a40dff577506569624b87e8c428ac3f005aeb354a3e56702b3797ea5afe18fb5aa086d5783ca7a42f60e6c
  languageName: node
  linkType: hard

"scheduler@npm:0.25.0-rc-0bc30748-20241028":
  version: 0.25.0-rc-0bc30748-20241028
  resolution: "scheduler@npm:0.25.0-rc-0bc30748-20241028"
  checksum: 10c0/b0eac8ec07d7c822baf8a503d81bfb5e5fff06969a7dfff76c19c746b3234fdcbea83c898131ebf8ac9d2bfa2b7729317be94b0bbc4e9526fd3ee2221983d2ea
  languageName: node
  linkType: hard

"semver@npm:^7.6.3":
  version: 7.6.3
  resolution: "semver@npm:7.6.3"
  bin:
    semver: bin/semver.js
  checksum: 10c0/88f33e148b210c153873cb08cfe1e281d518aaa9a666d4d148add6560db5cd3c582f3a08ccb91f38d5f379ead256da9931234ed122057f40bb5766e65e58adaf
  languageName: node
  linkType: hard

"sharp@npm:^0.33.5":
  version: 0.33.5
  resolution: "sharp@npm:0.33.5"
  dependencies:
    "@img/sharp-darwin-arm64": "npm:0.33.5"
    "@img/sharp-darwin-x64": "npm:0.33.5"
    "@img/sharp-libvips-darwin-arm64": "npm:1.0.4"
    "@img/sharp-libvips-darwin-x64": "npm:1.0.4"
    "@img/sharp-libvips-linux-arm": "npm:1.0.5"
    "@img/sharp-libvips-linux-arm64": "npm:1.0.4"
    "@img/sharp-libvips-linux-s390x": "npm:1.0.4"
    "@img/sharp-libvips-linux-x64": "npm:1.0.4"
    "@img/sharp-libvips-linuxmusl-arm64": "npm:1.0.4"
    "@img/sharp-libvips-linuxmusl-x64": "npm:1.0.4"
    "@img/sharp-linux-arm": "npm:0.33.5"
    "@img/sharp-linux-arm64": "npm:0.33.5"
    "@img/sharp-linux-s390x": "npm:0.33.5"
    "@img/sharp-linux-x64": "npm:0.33.5"
    "@img/sharp-linuxmusl-arm64": "npm:0.33.5"
    "@img/sharp-linuxmusl-x64": "npm:0.33.5"
    "@img/sharp-wasm32": "npm:0.33.5"
    "@img/sharp-win32-ia32": "npm:0.33.5"
    "@img/sharp-win32-x64": "npm:0.33.5"
    color: "npm:^4.2.3"
    detect-libc: "npm:^2.0.3"
    semver: "npm:^7.6.3"
  dependenciesMeta:
    "@img/sharp-darwin-arm64":
      optional: true
    "@img/sharp-darwin-x64":
      optional: true
    "@img/sharp-libvips-darwin-arm64":
      optional: true
    "@img/sharp-libvips-darwin-x64":
      optional: true
    "@img/sharp-libvips-linux-arm":
      optional: true
    "@img/sharp-libvips-linux-arm64":
      optional: true
    "@img/sharp-libvips-linux-s390x":
      optional: true
    "@img/sharp-libvips-linux-x64":
      optional: true
    "@img/sharp-libvips-linuxmusl-arm64":
      optional: true
    "@img/sharp-libvips-linuxmusl-x64":
      optional: true
    "@img/sharp-linux-arm":
      optional: true
    "@img/sharp-linux-arm64":
      optional: true
    "@img/sharp-linux-s390x":
      optional: true
    "@img/sharp-linux-x64":
      optional: true
    "@img/sharp-linuxmusl-arm64":
      optional: true
    "@img/sharp-linuxmusl-x64":
      optional: true
    "@img/sharp-wasm32":
      optional: true
    "@img/sharp-win32-ia32":
      optional: true
    "@img/sharp-win32-x64":
      optional: true
  checksum: 10c0/6b81421ddfe6ee524d8d77e325c5e147fef22884e1c7b1656dfd89a88d7025894115da02d5f984261bf2e6daa16f98cadd1721c4ba408b4212b1d2a60f233484
  languageName: node
  linkType: hard

"simple-swizzle@npm:^0.2.2":
  version: 0.2.2
  resolution: "simple-swizzle@npm:0.2.2"
  dependencies:
    is-arrayish: "npm:^0.3.1"
  checksum: 10c0/df5e4662a8c750bdba69af4e8263c5d96fe4cd0f9fe4bdfa3cbdeb45d2e869dff640beaaeb1ef0e99db4d8d2ec92f85508c269f50c972174851bc1ae5bd64308
  languageName: node
  linkType: hard

"source-map-js@npm:^1.0.2":
  version: 1.2.0
  resolution: "source-map-js@npm:1.2.0"
  checksum: 10c0/7e5f896ac10a3a50fe2898e5009c58ff0dc102dcb056ed27a354623a0ece8954d4b2649e1a1b2b52ef2e161d26f8859c7710350930751640e71e374fe2d321a4
  languageName: node
  linkType: hard

"streamsearch@npm:^1.1.0":
  version: 1.1.0
  resolution: "streamsearch@npm:1.1.0"
  checksum: 10c0/fbd9aecc2621364384d157f7e59426f4bfd385e8b424b5aaa79c83a6f5a1c8fd2e4e3289e95de1eb3511cb96bb333d6281a9919fafce760e4edb35b2cd2facab
  languageName: node
  linkType: hard

"styled-jsx@npm:5.1.6":
  version: 5.1.6
  resolution: "styled-jsx@npm:5.1.6"
  dependencies:
    client-only: "npm:0.0.1"
  peerDependencies:
    react: ">= 16.8.0 || 17.x.x || ^18.0.0-0 || ^19.0.0-0"
  peerDependenciesMeta:
    "@babel/core":
      optional: true
    babel-plugin-macros:
      optional: true
  checksum: 10c0/ace50e7ea5ae5ae6a3b65a50994c51fca6ae7df9c7ecfd0104c36be0b4b3a9c5c1a2374d16e2a11e256d0b20be6d47256d768ecb4f91ab390f60752a075780f5
  languageName: node
  linkType: hard

"tslib@npm:^2.4.0":
  version: 2.6.3
  resolution: "tslib@npm:2.6.3"
  checksum: 10c0/2598aef53d9dbe711af75522464b2104724d6467b26a60f2bdac8297d2b5f1f6b86a71f61717384aa8fd897240467aaa7bcc36a0700a0faf751293d1331db39a
  languageName: node
  linkType: hard

"typescript@npm:^5":
  version: 5.4.5
  resolution: "typescript@npm:5.4.5"
  bin:
    tsc: bin/tsc
    tsserver: bin/tsserver
  checksum: 10c0/2954022ada340fd3d6a9e2b8e534f65d57c92d5f3989a263754a78aba549f7e6529acc1921913560a4b816c46dce7df4a4d29f9f11a3dc0d4213bb76d043251e
  languageName: node
  linkType: hard

"typescript@patch:typescript@npm%3A^5#optional!builtin<compat/typescript>":
  version: 5.4.5
  resolution: "typescript@patch:typescript@npm%3A5.4.5#optional!builtin<compat/typescript>::version=5.4.5&hash=5adc0c"
  bin:
    tsc: bin/tsc
    tsserver: bin/tsserver
  checksum: 10c0/db2ad2a16ca829f50427eeb1da155e7a45e598eec7b086d8b4e8ba44e5a235f758e606d681c66992230d3fc3b8995865e5fd0b22a2c95486d0b3200f83072ec9
  languageName: node
  linkType: hard

"undici-types@npm:~5.26.4":
  version: 5.26.5
  resolution: "undici-types@npm:5.26.5"
  checksum: 10c0/bb673d7876c2d411b6eb6c560e0c571eef4a01c1c19925175d16e3a30c4c428181fb8d7ae802a261f283e4166a0ac435e2f505743aa9e45d893f9a3df017b501
  languageName: node
  linkType: hard
